
Microsoft Visual Studio Solution File, Format Version 12.00
# Visual Studio Version 17
VisualStudioVersion = 17.8.34511.84
MinimumVisualStudioVersion = 10.0.40219.1
Project("{FAE04EC0-301F-11D3-BF4B-00C04F79EFBC}") = "Xadres-lari-def", "Xadres-lari-def.csproj", "{798A5A04-C346-4D64-8E48-7486A92EA380}"
EndProject
Global
	GlobalSection(SolutionConfigurationPlatforms) = preSolution
		Debug|Any CPU = Debug|Any CPU
		Release|Any CPU = Release|Any CPU
	EndGlobalSection
	GlobalSection(ProjectConfigurationPlatforms) = postSolution
		{798A5A04-C346-4D64-8E48-7486A92EA380}.Debug|Any CPU.ActiveCfg = Debug|Any CPU
		{798A5A04-C346-4D64-8E48-7486A92EA380}.Debug|Any CPU.Build.0 = Debug|Any CPU
		{798A5A04-C346-4D64-8E48-7486A92EA380}.Release|Any CPU.ActiveCfg = Release|Any CPU
		{798A5A04-C346-4D64-8E48-7486A92EA380}.Release|Any CPU.Build.0 = Release|Any CPU
	EndGlobalSection
	GlobalSection(SolutionProperties) = preSolution
		HideSolutionNode = FALSE
	EndGlobalSection
	GlobalSection(ExtensibilityGlobals) = postSolution
		SolutionGuid = {86DD5302-80AF-4400-A0B1-486CD058195D}
	EndGlobalSection
EndGlobal
